
Microsoft Visual Studio Solution File, Format Version 12.00
# Visual Studio Version 16
VisualStudioVersion = 16.0.29509.3
MinimumVisualStudioVersion = 10.0.40219.1
Project("{FAE04EC0-301F-11D3-BF4B-00C04F79EFBC}") = "ABM_Developer_Test", "ABM_Developer_Test.csproj", "{22C67935-E1C8-4314-927A-0E90FCFD8C0B}"
EndProject
Project("{FAE04EC0-301F-11D3-BF4B-00C04F79EFBC}") = "WebService", "..\WebService\WebService.csproj", "{0409E655-65CB-4649-A6BF-C1DC53E68464}"
EndProject
Global
	GlobalSection(SolutionConfigurationPlatforms) = preSolution
		Debug|Any CPU = Debug|Any CPU
		Release|Any CPU = Release|Any CPU
	EndGlobalSection
	GlobalSection(ProjectConfigurationPlatforms) = postSolution
		{22C67935-E1C8-4314-927A-0E90FCFD8C0B}.Debug|Any CPU.ActiveCfg = Debug|Any CPU
		{22C67935-E1C8-4314-927A-0E90FCFD8C0B}.Debug|Any CPU.Build.0 = Debug|Any CPU
		{22C67935-E1C8-4314-927A-0E90FCFD8C0B}.Release|Any CPU.ActiveCfg = Release|Any CPU
		{22C67935-E1C8-4314-927A-0E90FCFD8C0B}.Release|Any CPU.Build.0 = Release|Any CPU
		{0409E655-65CB-4649-A6BF-C1DC53E68464}.Debug|Any CPU.ActiveCfg = Debug|Any CPU
		{0409E655-65CB-4649-A6BF-C1DC53E68464}.Debug|Any CPU.Build.0 = Debug|Any CPU
		{0409E655-65CB-4649-A6BF-C1DC53E68464}.Release|Any CPU.ActiveCfg = Release|Any CPU
		{0409E655-65CB-4649-A6BF-C1DC53E68464}.Release|Any CPU.Build.0 = Release|Any CPU
	EndGlobalSection
	GlobalSection(SolutionProperties) = preSolution
		HideSolutionNode = FALSE
	EndGlobalSection
	GlobalSection(ExtensibilityGlobals) = postSolution
		SolutionGuid = {7A88F902-0DA1-474A-A497-84ECA3C5124F}
	EndGlobalSection
EndGlobal
